
Microsoft Visual Studio Solution File, Format Version 12.00
# Visual Studio 2012
Project("{FAE04EC0-301F-11D3-BF4B-00C04F79EFBC}") = "BasicAuthSample", "BasicAuthSample.csproj", "{8E898008-69F7-4860-9E80-4C42B3E5C364}"
EndProject
Global
	GlobalSection(SolutionConfigurationPlatforms) = preSolution
		Debug|iPhoneSimulator = Debug|iPhoneSimulator
		Release|iPhone = Release|iPhone
		Release|iPhoneSimulator = Release|iPhoneSimulator
		Debug|iPhone = Debug|iPhone
	EndGlobalSection
	GlobalSection(ProjectConfigurationPlatforms) = postSolution
		{8E898008-69F7-4860-9E80-4C42B3E5C364}.Debug|iPhoneSimulator.ActiveCfg = Debug|iPhoneSimulator
		{8E898008-69F7-4860-9E80-4C42B3E5C364}.Debug|iPhoneSimulator.Build.0 = Debug|iPhoneSimulator
		{8E898008-69F7-4860-9E80-4C42B3E5C364}.Release|iPhone.ActiveCfg = Release|iPhone
		{8E898008-69F7-4860-9E80-4C42B3E5C364}.Release|iPhone.Build.0 = Release|iPhone
		{8E898008-69F7-4860-9E80-4C42B3E5C364}.Release|iPhoneSimulator.ActiveCfg = Release|iPhoneSimulator
		{8E898008-69F7-4860-9E80-4C42B3E5C364}.Release|iPhoneSimulator.Build.0 = Release|iPhoneSimulator
		{8E898008-69F7-4860-9E80-4C42B3E5C364}.Debug|iPhone.ActiveCfg = Debug|iPhone
		{8E898008-69F7-4860-9E80-4C42B3E5C364}.Debug|iPhone.Build.0 = Debug|iPhone
	EndGlobalSection
EndGlobal
