
Microsoft Visual Studio Solution File, Format Version 12.00
# Visual Studio 2012
Project("{FAE04EC0-301F-11D3-BF4B-00C04F79EFBC}") = "BasicAuthSample", "BasicAuthSample.csproj", "{235A4381-47F2-442D-9846-D7C52A21C6E9}"
EndProject
Global
	GlobalSection(SolutionConfigurationPlatforms) = preSolution
		Debug|iPhoneSimulator = Debug|iPhoneSimulator
		Release|iPhone = Release|iPhone
		Release|iPhoneSimulator = Release|iPhoneSimulator
		Debug|iPhone = Debug|iPhone
	EndGlobalSection
	GlobalSection(ProjectConfigurationPlatforms) = postSolution
		{235A4381-47F2-442D-9846-D7C52A21C6E9}.Debug|iPhoneSimulator.ActiveCfg = Debug|iPhoneSimulator
		{235A4381-47F2-442D-9846-D7C52A21C6E9}.Debug|iPhoneSimulator.Build.0 = Debug|iPhoneSimulator
		{235A4381-47F2-442D-9846-D7C52A21C6E9}.Release|iPhone.ActiveCfg = Release|iPhone
		{235A4381-47F2-442D-9846-D7C52A21C6E9}.Release|iPhone.Build.0 = Release|iPhone
		{235A4381-47F2-442D-9846-D7C52A21C6E9}.Release|iPhoneSimulator.ActiveCfg = Release|iPhoneSimulator
		{235A4381-47F2-442D-9846-D7C52A21C6E9}.Release|iPhoneSimulator.Build.0 = Release|iPhoneSimulator
		{235A4381-47F2-442D-9846-D7C52A21C6E9}.Debug|iPhone.ActiveCfg = Debug|iPhone
		{235A4381-47F2-442D-9846-D7C52A21C6E9}.Debug|iPhone.Build.0 = Debug|iPhone
	EndGlobalSection
EndGlobal
